
Microsoft Visual Studio Solution File, Format Version 12.00
# Visual Studio Version 16
VisualStudioVersion = 16.0.31729.503
MinimumVisualStudioVersion = 10.0.40219.1
Project("{8BC9CEB8-8B4A-11D0-8D11-00A0C91BC942}") = "RouLetteVshMenu", "src\RouLetteVshMenu.vcxproj", "{8ED34C4B-32EB-4392-8ADB-8B2CC3B866B1}"
EndProject
Global
	GlobalSection(SolutionConfigurationPlatforms) = preSolution
		Debug|PS3 = Debug|PS3
		Release|PS3 = Release|PS3
	EndGlobalSection
	GlobalSection(ProjectConfigurationPlatforms) = postSolution
		{8ED34C4B-32EB-4392-8ADB-8B2CC3B866B1}.Debug|PS3.ActiveCfg = Debug|PS3
		{8ED34C4B-32EB-4392-8ADB-8B2CC3B866B1}.Debug|PS3.Build.0 = Debug|PS3
		{8ED34C4B-32EB-4392-8ADB-8B2CC3B866B1}.Release|PS3.ActiveCfg = Release|PS3
		{8ED34C4B-32EB-4392-8ADB-8B2CC3B866B1}.Release|PS3.Build.0 = Release|PS3
	EndGlobalSection
	GlobalSection(SolutionProperties) = preSolution
		HideSolutionNode = FALSE
	EndGlobalSection
	GlobalSection(ExtensibilityGlobals) = postSolution
		SolutionGuid = {E1B84246-4389-449A-B702-A151CEF5CB22}
	EndGlobalSection
EndGlobal
